{
  "version": 4,
  "terraform_version": "1.8.4",
  "serial": 13,
  "lineage": "08d9afbe-ddc0-a027-35b3-228498cd009b",
  "outputs": {},
  "resources": [
    {
      "mode": "managed",
      "type": "aws_key_pair",
      "name": "default",
      "provider": "provider[\"registry.terraform.io/hashicorp/aws\"]",
      "instances": [
        {
          "schema_version": 1,
          "attributes": {
            "arn": "arn:aws:ec2:us-east-2:669536662573:key-pair/ec2-elb-key",
            "fingerprint": "0b:6c:8c:96:9c:16:6d:c3:7e:01:de:9d:86:b3:86:52",
            "id": "ec2-elb-key",
            "key_name": "ec2-elb-key",
            "key_name_prefix": "",
            "key_pair_id": "key-05d7e6d01e67f22d8",
            "key_type": "rsa",
            "public_key": "ssh-rsa AAAAB3NzaC1yc2EAAAADAQABAAABAQC9x+SDZF4wmwXbaRc+xoI1D1BFMYCB4Qoc08DvBLGvBGKt1sVzMAqQ+cyMmhjfMnuweObpNf3Zh088IRTPzdHFF+3g1bSmohe03F8DXgFu6zXl2EZNtxZaxvxmJC2DLO0pPSLZEaATji7mJUSFMpbJfdzqUAXwU7iLXiTe8H1NAgZ50u7fAyZMHN1040SIgUibVkh+F0RHN54f4tQP7T5mCmLgJ6PWdX5PXOz50GNn9p9t44KmEEGXhBN+4u5sk+s+mqAPQQVgiBi8TkpoOTwQ3Z5UECM8pqjUj+Y1UIz2vGpTv601xgklK2sSBdrgAdA09bPq3nFj+nEVQNqpgxO/ japajao@DESKTOP-A676KHH",
            "tags": null,
            "tags_all": {}
          },
          "sensitive_attributes": [],
          "private": "eyJzY2hlbWFfdmVyc2lvbiI6IjEifQ=="
        }
      ]
    },
    {
      "mode": "managed",
      "type": "aws_security_group",
      "name": "default",
      "provider": "provider[\"registry.terraform.io/hashicorp/aws\"]",
      "instances": [
        {
          "schema_version": 1,
          "attributes": {
            "arn": "arn:aws:ec2:us-east-2:669536662573:security-group/sg-0d3b85924e31587fc",
            "description": "Managed by Terraform",
            "egress": [
              {
                "cidr_blocks": [
                  "0.0.0.0/0"
                ],
                "description": "",
                "from_port": 0,
                "ipv6_cidr_blocks": [],
                "prefix_list_ids": [],
                "protocol": "tcp",
                "security_groups": [],
                "self": false,
                "to_port": 65535
              }
            ],
            "id": "sg-0d3b85924e31587fc",
            "ingress": [
              {
                "cidr_blocks": [
                  "0.0.0.0/0"
                ],
                "description": "",
                "from_port": 80,
                "ipv6_cidr_blocks": [],
                "prefix_list_ids": [],
                "protocol": "tcp",
                "security_groups": [],
                "self": false,
                "to_port": 80
              }
            ],
            "name": "ec2-elb-sg",
            "name_prefix": "",
            "owner_id": "669536662573",
            "revoke_rules_on_delete": false,
            "tags": null,
            "tags_all": {},
            "timeouts": null,
            "vpc_id": "vpc-077ba6a43cd31138a"
          },
          "sensitive_attributes": [],
          "private": "eyJlMmJmYjczMC1lY2FhLTExZTYtOGY4OC0zNDM2M2JjN2M0YzAiOnsiY3JlYXRlIjo2MDAwMDAwMDAwMDAsImRlbGV0ZSI6OTAwMDAwMDAwMDAwfSwic2NoZW1hX3ZlcnNpb24iOiIxIn0="
        }
      ]
    }
  ],
  "check_results": null
}
